
Microsoft Visual Studio Solution File, Format Version 12.00
# Visual Studio Version 17
VisualStudioVersion = 17.1.32210.238
MinimumVisualStudioVersion = 10.0.40219.1
Project("{9A19103F-16F7-4668-BE54-9A1E7A4F7556}") = "StringReverseDemo", "StringReverseDemo.csproj", "{658A98B5-73DD-4C55-BB70-0BFC05252212}"
EndProject
Project("{E53339B2-1760-4266-BCC7-CA923CBCF16C}") = "docker-compose", "docker-compose.dcproj", "{50131380-F071-4BF6-91AF-85CE05F1B992}"
EndProject
Global
	GlobalSection(SolutionConfigurationPlatforms) = preSolution
		Debug|Any CPU = Debug|Any CPU
		Release|Any CPU = Release|Any CPU
	EndGlobalSection
	GlobalSection(ProjectConfigurationPlatforms) = postSolution
		{658A98B5-73DD-4C55-BB70-0BFC05252212}.Debug|Any CPU.ActiveCfg = Debug|Any CPU
		{658A98B5-73DD-4C55-BB70-0BFC05252212}.Debug|Any CPU.Build.0 = Debug|Any CPU
		{658A98B5-73DD-4C55-BB70-0BFC05252212}.Release|Any CPU.ActiveCfg = Release|Any CPU
		{658A98B5-73DD-4C55-BB70-0BFC05252212}.Release|Any CPU.Build.0 = Release|Any CPU
		{50131380-F071-4BF6-91AF-85CE05F1B992}.Debug|Any CPU.ActiveCfg = Debug|Any CPU
		{50131380-F071-4BF6-91AF-85CE05F1B992}.Debug|Any CPU.Build.0 = Debug|Any CPU
		{50131380-F071-4BF6-91AF-85CE05F1B992}.Release|Any CPU.ActiveCfg = Release|Any CPU
		{50131380-F071-4BF6-91AF-85CE05F1B992}.Release|Any CPU.Build.0 = Release|Any CPU
	EndGlobalSection
	GlobalSection(SolutionProperties) = preSolution
		HideSolutionNode = FALSE
	EndGlobalSection
	GlobalSection(ExtensibilityGlobals) = postSolution
		SolutionGuid = {2E2FD3B7-1CD2-40C1-B9E0-41F7997637E4}
	EndGlobalSection
EndGlobal
